
Microsoft Visual Studio Solution File, Format Version 12.00
# Visual Studio 15
VisualStudioVersion = 15.0.28307.421
MinimumVisualStudioVersion = 10.0.40219.1
Project("{FAE04EC0-301F-11D3-BF4B-00C04F79EFBC}") = "Html_Helper_Exercise", "Html_Helper_Exercise\Html_Helper_Exercise.csproj", "{A38BB464-9BEC-4882-8212-F98D22CBC41D}"
EndProject
Global
	GlobalSection(SolutionConfigurationPlatforms) = preSolution
		Debug|Any CPU = Debug|Any CPU
		Release|Any CPU = Release|Any CPU
	EndGlobalSection
	GlobalSection(ProjectConfigurationPlatforms) = postSolution
		{A38BB464-9BEC-4882-8212-F98D22CBC41D}.Debug|Any CPU.ActiveCfg = Debug|Any CPU
		{A38BB464-9BEC-4882-8212-F98D22CBC41D}.Debug|Any CPU.Build.0 = Debug|Any CPU
		{A38BB464-9BEC-4882-8212-F98D22CBC41D}.Release|Any CPU.ActiveCfg = Release|Any CPU
		{A38BB464-9BEC-4882-8212-F98D22CBC41D}.Release|Any CPU.Build.0 = Release|Any CPU
	EndGlobalSection
	GlobalSection(SolutionProperties) = preSolution
		HideSolutionNode = FALSE
	EndGlobalSection
	GlobalSection(ExtensibilityGlobals) = postSolution
		SolutionGuid = {8B5FF007-C58F-4B2F-A3A9-FA8EE7E33188}
	EndGlobalSection
EndGlobal
